
Microsoft Visual Studio Solution File, Format Version 12.00
# Visual Studio Version 17
VisualStudioVersion = 17.8.34322.80
MinimumVisualStudioVersion = 10.0.40219.1
Project("{FAE04EC0-301F-11D3-BF4B-00C04F79EFBC}") = "Assignment3Starter", "Assignment3Starter\Assignment3Starter.csproj", "{49B4829B-DB9B-4757-99F1-17CBF10438EF}"
EndProject
Project("{FAE04EC0-301F-11D3-BF4B-00C04F79EFBC}") = "Assign3", "Assign3\Assign3.csproj", "{A2A90AB0-97A6-477E-A374-B63B9810AD0E}"
EndProject
Global
	GlobalSection(SolutionConfigurationPlatforms) = preSolution
		Debug|Any CPU = Debug|Any CPU
		Release|Any CPU = Release|Any CPU
	EndGlobalSection
	GlobalSection(ProjectConfigurationPlatforms) = postSolution
		{49B4829B-DB9B-4757-99F1-17CBF10438EF}.Debug|Any CPU.ActiveCfg = Debug|Any CPU
		{49B4829B-DB9B-4757-99F1-17CBF10438EF}.Debug|Any CPU.Build.0 = Debug|Any CPU
		{49B4829B-DB9B-4757-99F1-17CBF10438EF}.Release|Any CPU.ActiveCfg = Release|Any CPU
		{49B4829B-DB9B-4757-99F1-17CBF10438EF}.Release|Any CPU.Build.0 = Release|Any CPU
		{A2A90AB0-97A6-477E-A374-B63B9810AD0E}.Debug|Any CPU.ActiveCfg = Debug|Any CPU
		{A2A90AB0-97A6-477E-A374-B63B9810AD0E}.Debug|Any CPU.Build.0 = Debug|Any CPU
		{A2A90AB0-97A6-477E-A374-B63B9810AD0E}.Release|Any CPU.ActiveCfg = Release|Any CPU
		{A2A90AB0-97A6-477E-A374-B63B9810AD0E}.Release|Any CPU.Build.0 = Release|Any CPU
	EndGlobalSection
	GlobalSection(SolutionProperties) = preSolution
		HideSolutionNode = FALSE
	EndGlobalSection
	GlobalSection(ExtensibilityGlobals) = postSolution
		SolutionGuid = {54D3750C-6B81-4758-8228-7CC41FF6567D}
	EndGlobalSection
EndGlobal
